
Microsoft Visual Studio Solution File, Format Version 10.00
# Visual Studio 2008
Project("{FAE04EC0-301F-11D3-BF4B-00C04F79EFBC}") = "Graphy", "Graphy\Graphy.csproj", "{BCA9C6CB-23B1-4CEF-888E-6FBAF1A5D0F1}"
EndProject
Global
	GlobalSection(SolutionConfigurationPlatforms) = preSolution
		Debug|Any CPU = Debug|Any CPU
		Release|Any CPU = Release|Any CPU
	EndGlobalSection
	GlobalSection(ProjectConfigurationPlatforms) = postSolution
		{BCA9C6CB-23B1-4CEF-888E-6FBAF1A5D0F1}.Debug|Any CPU.ActiveCfg = Debug|Any CPU
		{BCA9C6CB-23B1-4CEF-888E-6FBAF1A5D0F1}.Debug|Any CPU.Build.0 = Debug|Any CPU
		{BCA9C6CB-23B1-4CEF-888E-6FBAF1A5D0F1}.Release|Any CPU.ActiveCfg = Release|Any CPU
		{BCA9C6CB-23B1-4CEF-888E-6FBAF1A5D0F1}.Release|Any CPU.Build.0 = Release|Any CPU
	EndGlobalSection
	GlobalSection(SolutionProperties) = preSolution
		HideSolutionNode = FALSE
	EndGlobalSection
EndGlobal
